{
  "name": "blog",
  "requires": true,
  "lockfileVersion": 1,
  "dependencies": {
    "@interactjs/actions": {
      "version": "1.4.0-beta.4",
      "resolved": "https://registry.npmjs.org/@interactjs/actions/-/actions-1.4.0-beta.4.tgz",
      "integrity": "sha512-t8e8PkiaPIzs6zEnh7P5q2DTq9Z1OiS1+X10KfW4HQXDKbAZ8A+Z2iyXy9IEBBsWje3hRylIZNDh2Tur8wI79g=="
    },
    "@interactjs/auto-scroll": {
      "version": "1.4.0-beta.4",
      "resolved": "https://registry.npmjs.org/@interactjs/auto-scroll/-/auto-scroll-1.4.0-beta.4.tgz",
      "integrity": "sha512-vNIwuCWwwzCiGr7buB9iz5xQgvLRb1BFRjb2u3qhB2U+XfzKgtP1Oqf/GnIoRW47rSeod6QDpQxAgRoVTobbjQ=="
    },
    "@interactjs/auto-start": {
      "version": "1.4.0-beta.4",
      "resolved": "https://registry.npmjs.org/@interactjs/auto-start/-/auto-start-1.4.0-beta.4.tgz",
      "integrity": "sha512-2Bz9e/x/VLo30Ghhi7y7fwJXcC6NFrRtTzkIcaR9RX6D4zNSUL7Yy9WGznn1YnIU6mdt/3e+a5ZOKV+KLtfEEw=="
    },
    "@interactjs/core": {
      "version": "1.4.0-beta.4",
      "resolved": "https://registry.npmjs.org/@interactjs/core/-/core-1.4.0-beta.4.tgz",
      "integrity": "sha512-N9JwQBzLisG6xsNrpuZiWgM20r3cpAjHhiium2LzqD7rq/Xc9mgj4AwYNYDU7cDoDxa4vxQXTtjROtPRkWA2DA=="
    },
    "@interactjs/inertia": {
      "version": "1.4.0-beta.4",
      "resolved": "https://registry.npmjs.org/@interactjs/inertia/-/inertia-1.4.0-beta.4.tgz",
      "integrity": "sha512-88vBIjq8zvD0FtMcEJyyEJQJqGLM6VgOZnPnR7gyY8oXT1oBOplLma2bk3O1jru43HK1IUvH/3Qtsu0XDUz3qQ=="
    },
    "@interactjs/interact": {
      "version": "1.4.0-beta.4",
      "resolved": "https://registry.npmjs.org/@interactjs/interact/-/interact-1.4.0-beta.4.tgz",
      "integrity": "sha512-AgppiiVRA9q+vcaSS8xla/9XaZS/uMFtBjEyTfzoaEHjUVfSCzYyNdKUC0wt3V/cnPCmxsV1e6zIe8EK7uj2Yg=="
    },
    "@interactjs/modifiers": {
      "version": "1.4.0-beta.4",
      "resolved": "https://registry.npmjs.org/@interactjs/modifiers/-/modifiers-1.4.0-beta.4.tgz",
      "integrity": "sha512-FO8l7c59WcuLLj1UbFmsnM+XZDUFGUbVtxasCFLywC8ICKypC2smMjvWbRtbJymYwkeFHUssMzi/3EC2WoUICA=="
    },
    "@interactjs/pointer-events": {
      "version": "1.4.0-beta.4",
      "resolved": "https://registry.npmjs.org/@interactjs/pointer-events/-/pointer-events-1.4.0-beta.4.tgz",
      "integrity": "sha512-xYIjhdl7UbV/5/URS2KrEDgr0XbL4YCONcpl4SItWgaj1oCZmq5HcU8d4PQnQawYTcFN75QPs0AcNXv08WjEpg=="
    },
    "@interactjs/reflow": {
      "version": "1.4.0-beta.4",
      "resolved": "https://registry.npmjs.org/@interactjs/reflow/-/reflow-1.4.0-beta.4.tgz",
      "integrity": "sha512-1nHRF3uWOWdYWu2eC3KVzwPC5YY/EgQe3I0/MrkN5mspY0S+ELDoFGf/G1w3c6jNjEUWHhhr+qeBWx2UEGt98w=="
    },
    "@interactjs/types": {
      "version": "1.4.0-beta.4",
      "resolved": "https://registry.npmjs.org/@interactjs/types/-/types-1.4.0-beta.4.tgz",
      "integrity": "sha512-xUptFtTFKs0FmiLTNIaihtCXOJdRVsY6ot5l3ywMR5wDDDm7PTVO5bzBrQrDX7yXJex9Dc82wR83BZatgtqNeA==",
      "requires": {
        "@interactjs/actions": "1.4.0-beta.4+sha.d8836bd",
        "@interactjs/auto-scroll": "1.4.0-beta.4+sha.d8836bd",
        "@interactjs/auto-start": "1.4.0-beta.4+sha.d8836bd",
        "@interactjs/core": "1.4.0-beta.4+sha.d8836bd",
        "@interactjs/inertia": "1.4.0-beta.4+sha.d8836bd",
        "@interactjs/interact": "1.4.0-beta.4+sha.d8836bd",
        "@interactjs/modifiers": "1.4.0-beta.4+sha.d8836bd",
        "@interactjs/pointer-events": "1.4.0-beta.4+sha.d8836bd",
        "@interactjs/reflow": "1.4.0-beta.4+sha.d8836bd",
        "@interactjs/utils": "1.4.0-beta.4+sha.d8836bd"
      }
    },
    "@interactjs/utils": {
      "version": "1.4.0-beta.4",
      "resolved": "https://registry.npmjs.org/@interactjs/utils/-/utils-1.4.0-beta.4.tgz",
      "integrity": "sha512-IOdG7KvYuHPTtA8AIcZlbyDmsG92z/86EJwp5njd+0sq0Qq7dGc031UxTKPjUlqw/cVL3hRXxxn8IdapxwHcOg=="
    },
    "interactjs": {
      "version": "1.4.0-beta.4",
      "resolved": "https://registry.npmjs.org/interactjs/-/interactjs-1.4.0-beta.4.tgz",
      "integrity": "sha512-OCMiOy1n1+z66wIA1ujHP+BcEFYmdiYDdm/NBC78tLb3AgLAxeNFP6ak/VbhLeCaR/TS1ByvcK6kZvpuyn/Q2w==",
      "requires": {
        "@interactjs/types": "1.4.0-beta.4+sha.d8836bd"
      }
    }
  }
}
