# THIS IS AN AUTOGENERATED FILE. DO NOT EDIT THIS FILE DIRECTLY.
# yarn lockfile v1


"@interactjs/actions@1.5.3":
  version "1.5.3"
  resolved "https://registry.yarnpkg.com/@interactjs/actions/-/actions-1.5.3.tgz#a0981f83b55ec95d0ee89909e379830cfcacbb7b"
  integrity sha512-jlEw0nzdL8WoU3VNVXvLa0Gae6Fu5SpDJLVh1lfKR8CdF3FceoLytkOJwUhLHoT4Ge2CWgQeeZGAVwKlz7wDBg==

"@interactjs/auto-scroll@1.5.3":
  version "1.5.3"
  resolved "https://registry.yarnpkg.com/@interactjs/auto-scroll/-/auto-scroll-1.5.3.tgz#fdd632421d428d9321ee39ce5c8c8fc20aef6d45"
  integrity sha512-Yq4E0O/HnXBMt2VeiYKYW12MpjL2ytvTMRIt60MKyMH/PTWtvfRHKIBXNclXQZ0T0bxHtkPQYZ4pwEI201ceyw==

"@interactjs/auto-start@1.5.3":
  version "1.5.3"
  resolved "https://registry.yarnpkg.com/@interactjs/auto-start/-/auto-start-1.5.3.tgz#aad64bd84c203e361fc4066c9c19283b20ecf0f6"
  integrity sha512-BTZ0k12yAa6MJeGRZLl7xPp6BfEaSIuCYzWWnO5GgSIz4/odzCX2Rz6z4X32HABvt3bgdEu04dpj1d5YT4le4g==

"@interactjs/core@1.5.3":
  version "1.5.3"
  resolved "https://registry.yarnpkg.com/@interactjs/core/-/core-1.5.3.tgz#0b5c37332f47839c98ea7ddc7c3eb39bd9ad1aa5"
  integrity sha512-LOgfJ/OthnqmpsKU7MLf6UOr+vasZHA4ErhBk1j74TnYc05ikPLOgsNlXSqPdO1oBR4OtgOMxBiwTNgDuSMavQ==

"@interactjs/dev-tools@1.5.3":
  version "1.5.3"
  resolved "https://registry.yarnpkg.com/@interactjs/dev-tools/-/dev-tools-1.5.3.tgz#45a3cf69e943568c8ce6c30aac6bebca322189bc"
  integrity sha512-3tiZVhysqAFZuWmUEXD1+OuWTaqOLngPDzWXT6APEVr/Q4Iq+ZISLgcqDqqNuA0seFcykH/2aqrLaNrAz66YWQ==
  dependencies:
    "@interactjs/utils" "1.5.3"

"@interactjs/inertia@1.5.3":
  version "1.5.3"
  resolved "https://registry.yarnpkg.com/@interactjs/inertia/-/inertia-1.5.3.tgz#616a6b05f41786b8a4bccc7bc8c775cbfab36e6e"
  integrity sha512-NJHLNl1p4MRcVPXlI1SCOoA8iH7yh/70Oy0fyEo2QNfGX1l2LK+bNbhjqiGnUNLR/EIO1T+gDveCMrDt0jJEuw==

"@interactjs/interact@1.5.3":
  version "1.5.3"
  resolved "https://registry.yarnpkg.com/@interactjs/interact/-/interact-1.5.3.tgz#cbb2c9699c98e11b75213bded4d1fa2e488f9a04"
  integrity sha512-05THa+24Wz9QoJlM6x+9oXVs7Fdq/fPc2IS+ZC0pu3BmO7pOsNa34IY+ehXOuwZY9VX3TkiRo94BS9uDq1EAXQ==

"@interactjs/modifiers@1.5.3":
  version "1.5.3"
  resolved "https://registry.yarnpkg.com/@interactjs/modifiers/-/modifiers-1.5.3.tgz#1383f6eba5b56706563f5a75ea7f54ea08019503"
  integrity sha512-6okjXcae3+JDGwfz2TfGVICFV2F0srGXfWxUeGl9ScdjFQlqQ8GM5E68v3Lbrl7V613jmp2ib/AG+K05Y3/lGg==

"@interactjs/pointer-events@1.5.3":
  version "1.5.3"
  resolved "https://registry.yarnpkg.com/@interactjs/pointer-events/-/pointer-events-1.5.3.tgz#ad8bb0f7b629e4e11adac47e62d7b46a7c16ea8f"
  integrity sha512-DeJxQq6hzoq6RHDtqs/v46j47m4sNE3NWnX/UaIs7Q7ChRZWAbUXoEm2wmDWY0ok+joqGNHQaTYQJQbDS26J0A==

"@interactjs/reflow@1.5.3":
  version "1.5.3"
  resolved "https://registry.yarnpkg.com/@interactjs/reflow/-/reflow-1.5.3.tgz#2d8036a84f6ba2aad1c21b57299f1d5aff379f13"
  integrity sha512-L1CVq8NxXs+eAwMEHx2PUPrQG97VLQ5Dobcj40MoY6VbpOpgU2EkUxuQ9pwC/xYfUUAF0sfiGDqxbxmY4Wc9WQ==

"@interactjs/types@1.5.3":
  version "1.5.3"
  resolved "https://registry.yarnpkg.com/@interactjs/types/-/types-1.5.3.tgz#97e44caf9ee7d7fdc7fcd5f68408e44ca4292e54"
  integrity sha512-Va1Yz8uG4ulo+Y/fU5CId9tWfeNc8JsM7gF7NSUwCVKBunonWhFJJVleozF6A+FceR4I5rZ96tVjsSr0p5DP2Q==
  dependencies:
    "@interactjs/actions" "1.5.3"
    "@interactjs/auto-scroll" "1.5.3"
    "@interactjs/auto-start" "1.5.3"
    "@interactjs/core" "1.5.3"
    "@interactjs/dev-tools" "1.5.3"
    "@interactjs/inertia" "1.5.3"
    "@interactjs/interact" "1.5.3"
    "@interactjs/modifiers" "1.5.3"
    "@interactjs/pointer-events" "1.5.3"
    "@interactjs/reflow" "1.5.3"
    "@interactjs/utils" "1.5.3"

"@interactjs/utils@1.5.3":
  version "1.5.3"
  resolved "https://registry.yarnpkg.com/@interactjs/utils/-/utils-1.5.3.tgz#d7facda996f5c38df33adae7e49addbd99a1b640"
  integrity sha512-5XNs8DFhGy40hncAwnC6hz1qUk6seKGPB/b4X6j5ixgAyl5FOcYBYlje0f45JQPVSydJA2dR3U/HIhDFQAl1sg==

interactjs@^1.4.0-beta.4:
  version "1.5.3"
  resolved "https://registry.yarnpkg.com/interactjs/-/interactjs-1.5.3.tgz#7d70021ace19589972e81e517955df82170889da"
  integrity sha512-sQ+e1FiQhxDvZHLQ/qNkYQfaXSknQhFK84c8ebGZ5TFf7l+RONUamQbx1N+3jnnQAKRvGx93ZToBs+foYukbrQ==
  dependencies:
    "@interactjs/types" "1.5.3"
